
Microsoft Visual Studio Solution File, Format Version 12.00
# Visual Studio Version 17
VisualStudioVersion = 17.0.32112.339
MinimumVisualStudioVersion = 10.0.40219.1
Project("{FAE04EC0-301F-11D3-BF4B-00C04F79EFBC}") = "InsulinSensitivity.Android", "InsulinSensitivity\InsulinSensitivity.Android\InsulinSensitivity.Android.csproj", "{D5319264-C59C-4D3D-AB0B-2C29B3E38824}"
EndProject
Project("{9A19103F-16F7-4668-BE54-9A1E7A4F7556}") = "InsulinSensitivity", "InsulinSensitivity\InsulinSensitivity\InsulinSensitivity.csproj", "{931DD0C1-9942-494F-9EDF-E5D90AB4BF67}"
EndProject
Project("{9A19103F-16F7-4668-BE54-9A1E7A4F7556}") = "DataAccessLayer", "DataAccessLayer\DataAccessLayer.csproj", "{CD36E3DC-73FA-4ACD-A550-F954823E361D}"
EndProject
Project("{9A19103F-16F7-4668-BE54-9A1E7A4F7556}") = "BusinessLogicLayer", "BusinessLogicLayer\BusinessLogicLayer.csproj", "{2960F423-60C8-4590-811A-80D46D2487EB}"
EndProject
Project("{9A19103F-16F7-4668-BE54-9A1E7A4F7556}") = "FictiveProject", "FictiveProject\FictiveProject.csproj", "{46DD409D-995F-403D-A8A9-A17576406BFF}"
EndProject
Global
	GlobalSection(SolutionConfigurationPlatforms) = preSolution
		Debug|Any CPU = Debug|Any CPU
		Release|Any CPU = Release|Any CPU
	EndGlobalSection
	GlobalSection(ProjectConfigurationPlatforms) = postSolution
		{D5319264-C59C-4D3D-AB0B-2C29B3E38824}.Debug|Any CPU.ActiveCfg = Debug|Any CPU
		{D5319264-C59C-4D3D-AB0B-2C29B3E38824}.Debug|Any CPU.Build.0 = Debug|Any CPU
		{D5319264-C59C-4D3D-AB0B-2C29B3E38824}.Debug|Any CPU.Deploy.0 = Debug|Any CPU
		{D5319264-C59C-4D3D-AB0B-2C29B3E38824}.Release|Any CPU.ActiveCfg = Release|Any CPU
		{D5319264-C59C-4D3D-AB0B-2C29B3E38824}.Release|Any CPU.Build.0 = Release|Any CPU
		{D5319264-C59C-4D3D-AB0B-2C29B3E38824}.Release|Any CPU.Deploy.0 = Release|Any CPU
		{931DD0C1-9942-494F-9EDF-E5D90AB4BF67}.Debug|Any CPU.ActiveCfg = Debug|Any CPU
		{931DD0C1-9942-494F-9EDF-E5D90AB4BF67}.Debug|Any CPU.Build.0 = Debug|Any CPU
		{931DD0C1-9942-494F-9EDF-E5D90AB4BF67}.Debug|Any CPU.Deploy.0 = Debug|Any CPU
		{931DD0C1-9942-494F-9EDF-E5D90AB4BF67}.Release|Any CPU.ActiveCfg = Release|Any CPU
		{931DD0C1-9942-494F-9EDF-E5D90AB4BF67}.Release|Any CPU.Build.0 = Release|Any CPU
		{931DD0C1-9942-494F-9EDF-E5D90AB4BF67}.Release|Any CPU.Deploy.0 = Release|Any CPU
		{CD36E3DC-73FA-4ACD-A550-F954823E361D}.Debug|Any CPU.ActiveCfg = Debug|Any CPU
		{CD36E3DC-73FA-4ACD-A550-F954823E361D}.Debug|Any CPU.Build.0 = Debug|Any CPU
		{CD36E3DC-73FA-4ACD-A550-F954823E361D}.Release|Any CPU.ActiveCfg = Release|Any CPU
		{CD36E3DC-73FA-4ACD-A550-F954823E361D}.Release|Any CPU.Build.0 = Release|Any CPU
		{2960F423-60C8-4590-811A-80D46D2487EB}.Debug|Any CPU.ActiveCfg = Debug|Any CPU
		{2960F423-60C8-4590-811A-80D46D2487EB}.Debug|Any CPU.Build.0 = Debug|Any CPU
		{2960F423-60C8-4590-811A-80D46D2487EB}.Release|Any CPU.ActiveCfg = Release|Any CPU
		{2960F423-60C8-4590-811A-80D46D2487EB}.Release|Any CPU.Build.0 = Release|Any CPU
		{46DD409D-995F-403D-A8A9-A17576406BFF}.Debug|Any CPU.ActiveCfg = Debug|Any CPU
		{46DD409D-995F-403D-A8A9-A17576406BFF}.Debug|Any CPU.Build.0 = Debug|Any CPU
		{46DD409D-995F-403D-A8A9-A17576406BFF}.Release|Any CPU.ActiveCfg = Release|Any CPU
		{46DD409D-995F-403D-A8A9-A17576406BFF}.Release|Any CPU.Build.0 = Release|Any CPU
	EndGlobalSection
	GlobalSection(SolutionProperties) = preSolution
		HideSolutionNode = FALSE
	EndGlobalSection
	GlobalSection(ExtensibilityGlobals) = postSolution
		SolutionGuid = {D7BF4BCD-C878-4314-9516-421572388FDE}
	EndGlobalSection
EndGlobal
