
Microsoft Visual Studio Solution File, Format Version 12.00
# Visual Studio Version 16
VisualStudioVersion = 16.0.30711.63
MinimumVisualStudioVersion = 10.0.40219.1
Project("{FAE04EC0-301F-11D3-BF4B-00C04F79EFBC}") = "InsulinSensitivity.Android", "InsulinSensitivity\InsulinSensitivity.Android\InsulinSensitivity.Android.csproj", "{D5319264-C59C-4D3D-AB0B-2C29B3E38824}"
EndProject
Project("{FAE04EC0-301F-11D3-BF4B-00C04F79EFBC}") = "InsulinSensitivity", "InsulinSensitivity\InsulinSensitivity\InsulinSensitivity.csproj", "{931DD0C1-9942-494F-9EDF-E5D90AB4BF67}"
EndProject
Global
	GlobalSection(SolutionConfigurationPlatforms) = preSolution
		Debug|Any CPU = Debug|Any CPU
		Release|Any CPU = Release|Any CPU
	EndGlobalSection
	GlobalSection(ProjectConfigurationPlatforms) = postSolution
		{D5319264-C59C-4D3D-AB0B-2C29B3E38824}.Debug|Any CPU.ActiveCfg = Debug|Any CPU
		{D5319264-C59C-4D3D-AB0B-2C29B3E38824}.Debug|Any CPU.Build.0 = Debug|Any CPU
		{D5319264-C59C-4D3D-AB0B-2C29B3E38824}.Debug|Any CPU.Deploy.0 = Debug|Any CPU
		{D5319264-C59C-4D3D-AB0B-2C29B3E38824}.Release|Any CPU.ActiveCfg = Release|Any CPU
		{D5319264-C59C-4D3D-AB0B-2C29B3E38824}.Release|Any CPU.Build.0 = Release|Any CPU
		{D5319264-C59C-4D3D-AB0B-2C29B3E38824}.Release|Any CPU.Deploy.0 = Release|Any CPU
		{931DD0C1-9942-494F-9EDF-E5D90AB4BF67}.Debug|Any CPU.ActiveCfg = Debug|Any CPU
		{931DD0C1-9942-494F-9EDF-E5D90AB4BF67}.Debug|Any CPU.Build.0 = Debug|Any CPU
		{931DD0C1-9942-494F-9EDF-E5D90AB4BF67}.Debug|Any CPU.Deploy.0 = Debug|Any CPU
		{931DD0C1-9942-494F-9EDF-E5D90AB4BF67}.Release|Any CPU.ActiveCfg = Release|Any CPU
		{931DD0C1-9942-494F-9EDF-E5D90AB4BF67}.Release|Any CPU.Build.0 = Release|Any CPU
		{931DD0C1-9942-494F-9EDF-E5D90AB4BF67}.Release|Any CPU.Deploy.0 = Release|Any CPU
	EndGlobalSection
	GlobalSection(SolutionProperties) = preSolution
		HideSolutionNode = FALSE
	EndGlobalSection
	GlobalSection(ExtensibilityGlobals) = postSolution
		SolutionGuid = {D7BF4BCD-C878-4314-9516-421572388FDE}
	EndGlobalSection
EndGlobal
